// !$*UTF8*$!
{
	archiveVersion = 1;
	classes = {
	};
	objectVersion = 46;
	objects = {

/* Begin PBXBuildFile section */
		670568721F52818300A3ACD1 /* gthread.cpp in Sources */ = {isa = PBXBuildFile; fileRef = 6705686F1F52818300A3ACD1 /* gthread.cpp */; };
/* End PBXBuildFile section */

/* Begin PBXCopyFilesBuildPhase section */
		670568611F52812700A3ACD1 /* CopyFiles */ = {
			isa = PBXCopyFilesBuildPhase;
			buildActionMask = 2147483647;
			dstPath = /usr/share/man/man1/;
			dstSubfolderSpec = 0;
			files = (
			);
			runOnlyForDeploymentPostprocessing = 1;
		};
/* End PBXCopyFilesBuildPhase section */

/* Begin PBXFileReference section */
		670568631F52812700A3ACD1 /* GThread */ = {isa = PBXFileReference; explicitFileType = "compiled.mach-o.executable"; includeInIndex = 0; path = GThread; sourceTree = BUILT_PRODUCTS_DIR; };
		6705686E1F52818300A3ACD1 /* gthread.h */ = {isa = PBXFileReference; fileEncoding = 4; lastKnownFileType = sourcecode.c.h; path = gthread.h; sourceTree = "<group>"; };
		6705686F1F52818300A3ACD1 /* gthread.cpp */ = {isa = PBXFileReference; fileEncoding = 4; lastKnownFileType = sourcecode.cpp.cpp; path = gthread.cpp; sourceTree = "<group>"; };
		670568711F52818300A3ACD1 /* compile.sh */ = {isa = PBXFileReference; fileEncoding = 4; lastKnownFileType = text.script.sh; path = compile.sh; sourceTree = "<group>"; };
		670568871F53364600A3ACD1 /* Version */ = {isa = PBXFileReference; fileEncoding = 4; lastKnownFileType = text; path = Version; sourceTree = "<group>"; };
		670568881F53373E00A3ACD1 /* README */ = {isa = PBXFileReference; fileEncoding = 4; lastKnownFileType = text; path = README; sourceTree = "<group>"; };
		670568891F5338F100A3ACD1 /* LICENCE */ = {isa = PBXFileReference; fileEncoding = 4; lastKnownFileType = text; path = LICENCE; sourceTree = "<group>"; };
/* End PBXFileReference section */

/* Begin PBXFrameworksBuildPhase section */
		670568601F52812700A3ACD1 /* Frameworks */ = {
			isa = PBXFrameworksBuildPhase;
			buildActionMask = 2147483647;
			files = (
			);
			runOnlyForDeploymentPostprocessing = 0;
		};
/* End PBXFrameworksBuildPhase section */

/* Begin PBXGroup section */
		6705685A1F52812700A3ACD1 = {
			isa = PBXGroup;
			children = (
				670568891F5338F100A3ACD1 /* LICENCE */,
				670568881F53373E00A3ACD1 /* README */,
				670568871F53364600A3ACD1 /* Version */,
				670568651F52812700A3ACD1 /* GThread */,
				670568641F52812700A3ACD1 /* Products */,
			);
			sourceTree = "<group>";
		};
		670568641F52812700A3ACD1 /* Products */ = {
			isa = PBXGroup;
			children = (
				670568631F52812700A3ACD1 /* GThread */,
			);
			name = Products;
			sourceTree = "<group>";
		};
		670568651F52812700A3ACD1 /* GThread */ = {
			isa = PBXGroup;
			children = (
				6705686D1F52815200A3ACD1 /* Source */,
			);
			path = GThread;
			sourceTree = "<group>";
		};
		6705686D1F52815200A3ACD1 /* Source */ = {
			isa = PBXGroup;
			children = (
				6705686E1F52818300A3ACD1 /* gthread.h */,
				6705686F1F52818300A3ACD1 /* gthread.cpp */,
				670568711F52818300A3ACD1 /* compile.sh */,
			);
			name = Source;
			sourceTree = "<group>";
		};
/* End PBXGroup section */

/* Begin PBXNativeTarget section */
		670568621F52812700A3ACD1 /* GThread */ = {
			isa = PBXNativeTarget;
			buildConfigurationList = 6705686A1F52812700A3ACD1 /* Build configuration list for PBXNativeTarget "GThread" */;
			buildPhases = (
				6705685F1F52812700A3ACD1 /* Sources */,
				670568601F52812700A3ACD1 /* Frameworks */,
				670568611F52812700A3ACD1 /* CopyFiles */,
			);
			buildRules = (
			);
			dependencies = (
			);
			name = GThread;
			productName = GThread;
			productReference = 670568631F52812700A3ACD1 /* GThread */;
			productType = "com.apple.product-type.tool";
		};
/* End PBXNativeTarget section */

/* Begin PBXProject section */
		6705685B1F52812700A3ACD1 /* Project object */ = {
			isa = PBXProject;
			attributes = {
				LastUpgradeCheck = 0830;
				ORGANIZATIONNAME = "GUSTAVO CAMPOS";
				TargetAttributes = {
					670568621F52812700A3ACD1 = {
						CreatedOnToolsVersion = 8.3.3;
						DevelopmentTeam = X3V6EU2846;
						ProvisioningStyle = Automatic;
					};
				};
			};
			buildConfigurationList = 6705685E1F52812700A3ACD1 /* Build configuration list for PBXProject "GThread" */;
			compatibilityVersion = "Xcode 3.2";
			developmentRegion = English;
			hasScannedForEncodings = 0;
			knownRegions = (
				en,
			);
			mainGroup = 6705685A1F52812700A3ACD1;
			productRefGroup = 670568641F52812700A3ACD1 /* Products */;
			projectDirPath = "";
			projectRoot = "";
			targets = (
				670568621F52812700A3ACD1 /* GThread */,
			);
		};
/* End PBXProject section */

/* Begin PBXSourcesBuildPhase section */
		6705685F1F52812700A3ACD1 /* Sources */ = {
			isa = PBXSourcesBuildPhase;
			buildActionMask = 2147483647;
			files = (
				670568721F52818300A3ACD1 /* gthread.cpp in Sources */,
			);
			runOnlyForDeploymentPostprocessing = 0;
		};
/* End PBXSourcesBuildPhase section */

/* Begin XCBuildConfiguration section */
		670568681F52812700A3ACD1 /* Debug */ = {
			isa = XCBuildConfiguration;
			buildSettings = {
				ALWAYS_SEARCH_USER_PATHS = NO;
				CLANG_ANALYZER_NONNULL = YES;
				CLANG_ANALYZER_NUMBER_OBJECT_CONVERSION = YES_AGGRESSIVE;
				CLANG_CXX_LANGUAGE_STANDARD = "gnu++0x";
				CLANG_CXX_LIBRARY = "libc++";
				CLANG_ENABLE_MODULES = YES;
				CLANG_ENABLE_OBJC_ARC = YES;
				CLANG_WARN_BOOL_CONVERSION = YES;
				CLANG_WARN_CONSTANT_CONVERSION = YES;
				CLANG_WARN_DIRECT_OBJC_ISA_USAGE = YES_ERROR;
				CLANG_WARN_DOCUMENTATION_COMMENTS = YES;
				CLANG_WARN_EMPTY_BODY = YES;
				CLANG_WARN_ENUM_CONVERSION = YES;
				CLANG_WARN_INFINITE_RECURSION = YES;
				CLANG_WARN_INT_CONVERSION = YES;
				CLANG_WARN_OBJC_ROOT_CLASS = YES_ERROR;
				CLANG_WARN_SUSPICIOUS_MOVE = YES;
				CLANG_WARN_UNREACHABLE_CODE = YES;
				CLANG_WARN__DUPLICATE_METHOD_MATCH = YES;
				CODE_SIGN_IDENTITY = "-";
				COPY_PHASE_STRIP = NO;
				DEBUG_INFORMATION_FORMAT = dwarf;
				ENABLE_STRICT_OBJC_MSGSEND = YES;
				ENABLE_TESTABILITY = YES;
				GCC_C_LANGUAGE_STANDARD = gnu99;
				GCC_DYNAMIC_NO_PIC = NO;
				GCC_NO_COMMON_BLOCKS = YES;
				GCC_OPTIMIZATION_LEVEL = 0;
				GCC_PREPROCESSOR_DEFINITIONS = (
					"DEBUG=1",
					"$(inherited)",
				);
				GCC_WARN_64_TO_32_BIT_CONVERSION = YES;
				GCC_WARN_ABOUT_RETURN_TYPE = YES_ERROR;
				GCC_WARN_UNDECLARED_SELECTOR = YES;
				GCC_WARN_UNINITIALIZED_AUTOS = YES_AGGRESSIVE;
				GCC_WARN_UNUSED_FUNCTION = YES;
				GCC_WARN_UNUSED_VARIABLE = YES;
				MACOSX_DEPLOYMENT_TARGET = 10.12;
				MTL_ENABLE_DEBUG_INFO = YES;
				ONLY_ACTIVE_ARCH = YES;
				SDKROOT = macosx;
			};
			name = Debug;
		};
		670568691F52812700A3ACD1 /* Release */ = {
			isa = XCBuildConfiguration;
			buildSettings = {
				ALWAYS_SEARCH_USER_PATHS = NO;
				CLANG_ANALYZER_NONNULL = YES;
				CLANG_ANALYZER_NUMBER_OBJECT_CONVERSION = YES_AGGRESSIVE;
				CLANG_CXX_LANGUAGE_STANDARD = "gnu++0x";
				CLANG_CXX_LIBRARY = "libc++";
				CLANG_ENABLE_MODULES = YES;
				CLANG_ENABLE_OBJC_ARC = YES;
				CLANG_WARN_BOOL_CONVERSION = YES;
				CLANG_WARN_CONSTANT_CONVERSION = YES;
				CLANG_WARN_DIRECT_OBJC_ISA_USAGE = YES_ERROR;
				CLANG_WARN_DOCUMENTATION_COMMENTS = YES;
				CLANG_WARN_EMPTY_BODY = YES;
				CLANG_WARN_ENUM_CONVERSION = YES;
				CLANG_WARN_INFINITE_RECURSION = YES;
				CLANG_WARN_INT_CONVERSION = YES;
				CLANG_WARN_OBJC_ROOT_CLASS = YES_ERROR;
				CLANG_WARN_SUSPICIOUS_MOVE = YES;
				CLANG_WARN_UNREACHABLE_CODE = YES;
				CLANG_WARN__DUPLICATE_METHOD_MATCH = YES;
				CODE_SIGN_IDENTITY = "-";
				COPY_PHASE_STRIP = NO;
				DEBUG_INFORMATION_FORMAT = "dwarf-with-dsym";
				ENABLE_NS_ASSERTIONS = NO;
				ENABLE_STRICT_OBJC_MSGSEND = YES;
				GCC_C_LANGUAGE_STANDARD = gnu99;
				GCC_NO_COMMON_BLOCKS = YES;
				GCC_WARN_64_TO_32_BIT_CONVERSION = YES;
				GCC_WARN_ABOUT_RETURN_TYPE = YES_ERROR;
				GCC_WARN_UNDECLARED_SELECTOR = YES;
				GCC_WARN_UNINITIALIZED_AUTOS = YES_AGGRESSIVE;
				GCC_WARN_UNUSED_FUNCTION = YES;
				GCC_WARN_UNUSED_VARIABLE = YES;
				MACOSX_DEPLOYMENT_TARGET = 10.12;
				MTL_ENABLE_DEBUG_INFO = NO;
				SDKROOT = macosx;
			};
			name = Release;
		};
		6705686B1F52812700A3ACD1 /* Debug */ = {
			isa = XCBuildConfiguration;
			buildSettings = {
				DEVELOPMENT_TEAM = X3V6EU2846;
				PRODUCT_NAME = "$(TARGET_NAME)";
			};
			name = Debug;
		};
		6705686C1F52812700A3ACD1 /* Release */ = {
			isa = XCBuildConfiguration;
			buildSettings = {
				DEVELOPMENT_TEAM = X3V6EU2846;
				PRODUCT_NAME = "$(TARGET_NAME)";
			};
			name = Release;
		};
/* End XCBuildConfiguration section */

/* Begin XCConfigurationList section */
		6705685E1F52812700A3ACD1 /* Build configuration list for PBXProject "GThread" */ = {
			isa = XCConfigurationList;
			buildConfigurations = (
				670568681F52812700A3ACD1 /* Debug */,
				670568691F52812700A3ACD1 /* Release */,
			);
			defaultConfigurationIsVisible = 0;
			defaultConfigurationName = Release;
		};
		6705686A1F52812700A3ACD1 /* Build configuration list for PBXNativeTarget "GThread" */ = {
			isa = XCConfigurationList;
			buildConfigurations = (
				6705686B1F52812700A3ACD1 /* Debug */,
				6705686C1F52812700A3ACD1 /* Release */,
			);
			defaultConfigurationIsVisible = 0;
			defaultConfigurationName = Release;
		};
/* End XCConfigurationList section */
	};
	rootObject = 6705685B1F52812700A3ACD1 /* Project object */;
}
